// !$*UTF8*$!
{
	archiveVersion = 1;
	classes = {
	};
	objectVersion = 46;
	objects = {

/* Begin PBXBuildFile section */
		5D3AC9131AF5241400A5C486 /* SettingsViewController.m in Sources */ = {isa = PBXBuildFile; fileRef = 5D3AC9121AF5241400A5C486 /* SettingsViewController.m */; };
		5D3AC9391AF52B7200A5C486 /* Bolts.framework in Frameworks */ = {isa = PBXBuildFile; fileRef = 5D3AC9331AF52B7200A5C486 /* Bolts.framework */; };
		5D3AC93A1AF52B7200A5C486 /* Parse.framework in Frameworks */ = {isa = PBXBuildFile; fileRef = 5D3AC9341AF52B7200A5C486 /* Parse.framework */; };
		5D3AC93B1AF52B7200A5C486 /* ParseCrashReporting.framework in Frameworks */ = {isa = PBXBuildFile; fileRef = 5D3AC9351AF52B7200A5C486 /* ParseCrashReporting.framework */; };
		5D3AC93D1AF52B7200A5C486 /* ParseFacebookUtilsV4.framework in Frameworks */ = {isa = PBXBuildFile; fileRef = 5D3AC9371AF52B7200A5C486 /* ParseFacebookUtilsV4.framework */; };
		5D3AC93E1AF52B7200A5C486 /* ParseUI.framework in Frameworks */ = {isa = PBXBuildFile; fileRef = 5D3AC9381AF52B7200A5C486 /* ParseUI.framework */; };
		5D3AC9401AF52D1300A5C486 /* Accounts.framework in Frameworks */ = {isa = PBXBuildFile; fileRef = 5D3AC93F1AF52D1300A5C486 /* Accounts.framework */; };
		5D3AC9421AF52D1C00A5C486 /* SystemConfiguration.framework in Frameworks */ = {isa = PBXBuildFile; fileRef = 5D3AC9411AF52D1C00A5C486 /* SystemConfiguration.framework */; };
		5D3AC9441AF52D2400A5C486 /* MobileCoreServices.framework in Frameworks */ = {isa = PBXBuildFile; fileRef = 5D3AC9431AF52D2400A5C486 /* MobileCoreServices.framework */; };
		5D3AC9461AF52D8300A5C486 /* CoreLocation.framework in Frameworks */ = {isa = PBXBuildFile; fileRef = 5D3AC9451AF52D8300A5C486 /* CoreLocation.framework */; };
		5D3AC9481AF52D8B00A5C486 /* CoreGraphics.framework in Frameworks */ = {isa = PBXBuildFile; fileRef = 5D3AC9471AF52D8B00A5C486 /* CoreGraphics.framework */; };
		5D3AC94A1AF52E0000A5C486 /* AudioToolbox.framework in Frameworks */ = {isa = PBXBuildFile; fileRef = 5D3AC9491AF52E0000A5C486 /* AudioToolbox.framework */; };
		5D3AC94C1AF52E0900A5C486 /* CFNetwork.framework in Frameworks */ = {isa = PBXBuildFile; fileRef = 5D3AC94B1AF52E0900A5C486 /* CFNetwork.framework */; };
		5D3AC94E1AF52E2A00A5C486 /* Security.framework in Frameworks */ = {isa = PBXBuildFile; fileRef = 5D3AC94D1AF52E2A00A5C486 /* Security.framework */; };
		5D3AC9501AF52E3600A5C486 /* Social.framework in Frameworks */ = {isa = PBXBuildFile; fileRef = 5D3AC94F1AF52E3600A5C486 /* Social.framework */; };
		5D3AC9521AF52E4100A5C486 /* StoreKit.framework in Frameworks */ = {isa = PBXBuildFile; fileRef = 5D3AC9511AF52E4100A5C486 /* StoreKit.framework */; };
		5D3AC9541AF52E5C00A5C486 /* libz.dylib in Frameworks */ = {isa = PBXBuildFile; fileRef = 5D3AC9531AF52E5C00A5C486 /* libz.dylib */; };
		5D3AC9561AF52E6600A5C486 /* libsqlite3.dylib in Frameworks */ = {isa = PBXBuildFile; fileRef = 5D3AC9551AF52E6600A5C486 /* libsqlite3.dylib */; };
		5DAB0F221AF5475600183976 /* ServiceCell.m in Sources */ = {isa = PBXBuildFile; fileRef = 5DAB0F211AF5475600183976 /* ServiceCell.m */; };
		5DACEF0F1AF5026700E0D3FA /* main.m in Sources */ = {isa = PBXBuildFile; fileRef = 5DACEF0E1AF5026700E0D3FA /* main.m */; };
		5DACEF121AF5026700E0D3FA /* AppDelegate.m in Sources */ = {isa = PBXBuildFile; fileRef = 5DACEF111AF5026700E0D3FA /* AppDelegate.m */; };
		5DACEF151AF5026700E0D3FA /* ViewController.m in Sources */ = {isa = PBXBuildFile; fileRef = 5DACEF141AF5026700E0D3FA /* ViewController.m */; };
		5DACEF181AF5026700E0D3FA /* Main.storyboard in Resources */ = {isa = PBXBuildFile; fileRef = 5DACEF161AF5026700E0D3FA /* Main.storyboard */; };
		5DACEF1A1AF5026700E0D3FA /* Images.xcassets in Resources */ = {isa = PBXBuildFile; fileRef = 5DACEF191AF5026700E0D3FA /* Images.xcassets */; };
		5DACEF1D1AF5026700E0D3FA /* LaunchScreen.xib in Resources */ = {isa = PBXBuildFile; fileRef = 5DACEF1B1AF5026700E0D3FA /* LaunchScreen.xib */; };
		5DACEF291AF5026700E0D3FA /* ServicesTests.m in Sources */ = {isa = PBXBuildFile; fileRef = 5DACEF281AF5026700E0D3FA /* ServicesTests.m */; };
		5DACEF3B1AF5089800E0D3FA /* FBSDKCoreKit.framework in Frameworks */ = {isa = PBXBuildFile; fileRef = 5DACEF381AF5089800E0D3FA /* FBSDKCoreKit.framework */; };
		5DACEF3C1AF5089800E0D3FA /* FBSDKLoginKit.framework in Frameworks */ = {isa = PBXBuildFile; fileRef = 5DACEF391AF5089800E0D3FA /* FBSDKLoginKit.framework */; };
		5DACEF3D1AF5089800E0D3FA /* FBSDKShareKit.framework in Frameworks */ = {isa = PBXBuildFile; fileRef = 5DACEF3A1AF5089800E0D3FA /* FBSDKShareKit.framework */; };
		5DACEF431AF5123900E0D3FA /* ServicesViewController.m in Sources */ = {isa = PBXBuildFile; fileRef = 5DACEF421AF5123900E0D3FA /* ServicesViewController.m */; };
		5DACEF461AF5169F00E0D3FA /* DetailViewController.m in Sources */ = {isa = PBXBuildFile; fileRef = 5DACEF451AF5169F00E0D3FA /* DetailViewController.m */; };
		5DFD5C491AF5668300BEB7AC /* PostingViewController.m in Sources */ = {isa = PBXBuildFile; fileRef = 5DFD5C481AF5668300BEB7AC /* PostingViewController.m */; };
/* End PBXBuildFile section */

/* Begin PBXContainerItemProxy section */
		5DACEF231AF5026700E0D3FA /* PBXContainerItemProxy */ = {
			isa = PBXContainerItemProxy;
			containerPortal = 5DACEF011AF5026700E0D3FA /* Project object */;
			proxyType = 1;
			remoteGlobalIDString = 5DACEF081AF5026700E0D3FA;
			remoteInfo = Services;
		};
/* End PBXContainerItemProxy section */

/* Begin PBXFileReference section */
		5D3AC9111AF5241400A5C486 /* SettingsViewController.h */ = {isa = PBXFileReference; fileEncoding = 4; lastKnownFileType = sourcecode.c.h; path = SettingsViewController.h; sourceTree = "<group>"; };
		5D3AC9121AF5241400A5C486 /* SettingsViewController.m */ = {isa = PBXFileReference; fileEncoding = 4; lastKnownFileType = sourcecode.c.objc; path = SettingsViewController.m; sourceTree = "<group>"; };
		5D3AC9331AF52B7200A5C486 /* Bolts.framework */ = {isa = PBXFileReference; lastKnownFileType = wrapper.framework; path = Bolts.framework; sourceTree = "<group>"; };
		5D3AC9341AF52B7200A5C486 /* Parse.framework */ = {isa = PBXFileReference; lastKnownFileType = wrapper.framework; path = Parse.framework; sourceTree = "<group>"; };
		5D3AC9351AF52B7200A5C486 /* ParseCrashReporting.framework */ = {isa = PBXFileReference; lastKnownFileType = wrapper.framework; path = ParseCrashReporting.framework; sourceTree = "<group>"; };
		5D3AC9371AF52B7200A5C486 /* ParseFacebookUtilsV4.framework */ = {isa = PBXFileReference; lastKnownFileType = wrapper.framework; path = ParseFacebookUtilsV4.framework; sourceTree = "<group>"; };
		5D3AC9381AF52B7200A5C486 /* ParseUI.framework */ = {isa = PBXFileReference; lastKnownFileType = wrapper.framework; path = ParseUI.framework; sourceTree = "<group>"; };
		5D3AC93F1AF52D1300A5C486 /* Accounts.framework */ = {isa = PBXFileReference; lastKnownFileType = wrapper.framework; name = Accounts.framework; path = System/Library/Frameworks/Accounts.framework; sourceTree = SDKROOT; };
		5D3AC9411AF52D1C00A5C486 /* SystemConfiguration.framework */ = {isa = PBXFileReference; lastKnownFileType = wrapper.framework; name = SystemConfiguration.framework; path = System/Library/Frameworks/SystemConfiguration.framework; sourceTree = SDKROOT; };
		5D3AC9431AF52D2400A5C486 /* MobileCoreServices.framework */ = {isa = PBXFileReference; lastKnownFileType = wrapper.framework; name = MobileCoreServices.framework; path = System/Library/Frameworks/MobileCoreServices.framework; sourceTree = SDKROOT; };
		5D3AC9451AF52D8300A5C486 /* CoreLocation.framework */ = {isa = PBXFileReference; lastKnownFileType = wrapper.framework; name = CoreLocation.framework; path = System/Library/Frameworks/CoreLocation.framework; sourceTree = SDKROOT; };
		5D3AC9471AF52D8B00A5C486 /* CoreGraphics.framework */ = {isa = PBXFileReference; lastKnownFileType = wrapper.framework; name = CoreGraphics.framework; path = System/Library/Frameworks/CoreGraphics.framework; sourceTree = SDKROOT; };
		5D3AC9491AF52E0000A5C486 /* AudioToolbox.framework */ = {isa = PBXFileReference; lastKnownFileType = wrapper.framework; name = AudioToolbox.framework; path = System/Library/Frameworks/AudioToolbox.framework; sourceTree = SDKROOT; };
		5D3AC94B1AF52E0900A5C486 /* CFNetwork.framework */ = {isa = PBXFileReference; lastKnownFileType = wrapper.framework; name = CFNetwork.framework; path = System/Library/Frameworks/CFNetwork.framework; sourceTree = SDKROOT; };
		5D3AC94D1AF52E2A00A5C486 /* Security.framework */ = {isa = PBXFileReference; lastKnownFileType = wrapper.framework; name = Security.framework; path = System/Library/Frameworks/Security.framework; sourceTree = SDKROOT; };
		5D3AC94F1AF52E3600A5C486 /* Social.framework */ = {isa = PBXFileReference; lastKnownFileType = wrapper.framework; name = Social.framework; path = System/Library/Frameworks/Social.framework; sourceTree = SDKROOT; };
		5D3AC9511AF52E4100A5C486 /* StoreKit.framework */ = {isa = PBXFileReference; lastKnownFileType = wrapper.framework; name = StoreKit.framework; path = System/Library/Frameworks/StoreKit.framework; sourceTree = SDKROOT; };
		5D3AC9531AF52E5C00A5C486 /* libz.dylib */ = {isa = PBXFileReference; lastKnownFileType = "compiled.mach-o.dylib"; name = libz.dylib; path = usr/lib/libz.dylib; sourceTree = SDKROOT; };
		5D3AC9551AF52E6600A5C486 /* libsqlite3.dylib */ = {isa = PBXFileReference; lastKnownFileType = "compiled.mach-o.dylib"; name = libsqlite3.dylib; path = usr/lib/libsqlite3.dylib; sourceTree = SDKROOT; };
		5DAB0F201AF5475600183976 /* ServiceCell.h */ = {isa = PBXFileReference; fileEncoding = 4; lastKnownFileType = sourcecode.c.h; path = ServiceCell.h; sourceTree = "<group>"; };
		5DAB0F211AF5475600183976 /* ServiceCell.m */ = {isa = PBXFileReference; fileEncoding = 4; lastKnownFileType = sourcecode.c.objc; path = ServiceCell.m; sourceTree = "<group>"; };
		5DACEF091AF5026700E0D3FA /* Services.app */ = {isa = PBXFileReference; explicitFileType = wrapper.application; includeInIndex = 0; path = Services.app; sourceTree = BUILT_PRODUCTS_DIR; };
		5DACEF0D1AF5026700E0D3FA /* Info.plist */ = {isa = PBXFileReference; lastKnownFileType = text.plist.xml; path = Info.plist; sourceTree = "<group>"; };
		5DACEF0E1AF5026700E0D3FA /* main.m */ = {isa = PBXFileReference; lastKnownFileType = sourcecode.c.objc; path = main.m; sourceTree = "<group>"; };
		5DACEF101AF5026700E0D3FA /* AppDelegate.h */ = {isa = PBXFileReference; lastKnownFileType = sourcecode.c.h; path = AppDelegate.h; sourceTree = "<group>"; };
		5DACEF111AF5026700E0D3FA /* AppDelegate.m */ = {isa = PBXFileReference; lastKnownFileType = sourcecode.c.objc; path = AppDelegate.m; sourceTree = "<group>"; };
		5DACEF131AF5026700E0D3FA /* ViewController.h */ = {isa = PBXFileReference; lastKnownFileType = sourcecode.c.h; path = ViewController.h; sourceTree = "<group>"; };
		5DACEF141AF5026700E0D3FA /* ViewController.m */ = {isa = PBXFileReference; lastKnownFileType = sourcecode.c.objc; path = ViewController.m; sourceTree = "<group>"; };
		5DACEF171AF5026700E0D3FA /* Base */ = {isa = PBXFileReference; lastKnownFileType = file.storyboard; name = Base; path = Base.lproj/Main.storyboard; sourceTree = "<group>"; };
		5DACEF191AF5026700E0D3FA /* Images.xcassets */ = {isa = PBXFileReference; lastKnownFileType = folder.assetcatalog; path = Images.xcassets; sourceTree = "<group>"; };
		5DACEF1C1AF5026700E0D3FA /* Base */ = {isa = PBXFileReference; lastKnownFileType = file.xib; name = Base; path = Base.lproj/LaunchScreen.xib; sourceTree = "<group>"; };
		5DACEF221AF5026700E0D3FA /* ServicesTests.xctest */ = {isa = PBXFileReference; explicitFileType = wrapper.cfbundle; includeInIndex = 0; path = ServicesTests.xctest; sourceTree = BUILT_PRODUCTS_DIR; };
		5DACEF271AF5026700E0D3FA /* Info.plist */ = {isa = PBXFileReference; lastKnownFileType = text.plist.xml; path = Info.plist; sourceTree = "<group>"; };
		5DACEF281AF5026700E0D3FA /* ServicesTests.m */ = {isa = PBXFileReference; lastKnownFileType = sourcecode.c.objc; path = ServicesTests.m; sourceTree = "<group>"; };
		5DACEF381AF5089800E0D3FA /* FBSDKCoreKit.framework */ = {isa = PBXFileReference; lastKnownFileType = wrapper.framework; path = FBSDKCoreKit.framework; sourceTree = "<group>"; };
		5DACEF391AF5089800E0D3FA /* FBSDKLoginKit.framework */ = {isa = PBXFileReference; lastKnownFileType = wrapper.framework; path = FBSDKLoginKit.framework; sourceTree = "<group>"; };
		5DACEF3A1AF5089800E0D3FA /* FBSDKShareKit.framework */ = {isa = PBXFileReference; lastKnownFileType = wrapper.framework; path = FBSDKShareKit.framework; sourceTree = "<group>"; };
		5DACEF411AF5123900E0D3FA /* ServicesViewController.h */ = {isa = PBXFileReference; fileEncoding = 4; lastKnownFileType = sourcecode.c.h; path = ServicesViewController.h; sourceTree = "<group>"; };
		5DACEF421AF5123900E0D3FA /* ServicesViewController.m */ = {isa = PBXFileReference; fileEncoding = 4; lastKnownFileType = sourcecode.c.objc; path = ServicesViewController.m; sourceTree = "<group>"; };
		5DACEF441AF5169F00E0D3FA /* DetailViewController.h */ = {isa = PBXFileReference; fileEncoding = 4; lastKnownFileType = sourcecode.c.h; path = DetailViewController.h; sourceTree = "<group>"; };
		5DACEF451AF5169F00E0D3FA /* DetailViewController.m */ = {isa = PBXFileReference; fileEncoding = 4; lastKnownFileType = sourcecode.c.objc; path = DetailViewController.m; sourceTree = "<group>"; };
		5DFD5C471AF5668300BEB7AC /* PostingViewController.h */ = {isa = PBXFileReference; fileEncoding = 4; lastKnownFileType = sourcecode.c.h; path = PostingViewController.h; sourceTree = "<group>"; };
		5DFD5C481AF5668300BEB7AC /* PostingViewController.m */ = {isa = PBXFileReference; fileEncoding = 4; lastKnownFileType = sourcecode.c.objc; path = PostingViewController.m; sourceTree = "<group>"; };
/* End PBXFileReference section */

/* Begin PBXFrameworksBuildPhase section */
		5DACEF061AF5026700E0D3FA /* Frameworks */ = {
			isa = PBXFrameworksBuildPhase;
			buildActionMask = 2147483647;
			files = (
				5D3AC9561AF52E6600A5C486 /* libsqlite3.dylib in Frameworks */,
				5D3AC9541AF52E5C00A5C486 /* libz.dylib in Frameworks */,
				5D3AC9521AF52E4100A5C486 /* StoreKit.framework in Frameworks */,
				5D3AC9501AF52E3600A5C486 /* Social.framework in Frameworks */,
				5D3AC94E1AF52E2A00A5C486 /* Security.framework in Frameworks */,
				5D3AC9441AF52D2400A5C486 /* MobileCoreServices.framework in Frameworks */,
				5D3AC94C1AF52E0900A5C486 /* CFNetwork.framework in Frameworks */,
				5D3AC94A1AF52E0000A5C486 /* AudioToolbox.framework in Frameworks */,
				5D3AC9481AF52D8B00A5C486 /* CoreGraphics.framework in Frameworks */,
				5D3AC9461AF52D8300A5C486 /* CoreLocation.framework in Frameworks */,
				5D3AC9421AF52D1C00A5C486 /* SystemConfiguration.framework in Frameworks */,
				5D3AC9401AF52D1300A5C486 /* Accounts.framework in Frameworks */,
				5D3AC93E1AF52B7200A5C486 /* ParseUI.framework in Frameworks */,
				5DACEF3C1AF5089800E0D3FA /* FBSDKLoginKit.framework in Frameworks */,
				5D3AC93D1AF52B7200A5C486 /* ParseFacebookUtilsV4.framework in Frameworks */,
				5D3AC93B1AF52B7200A5C486 /* ParseCrashReporting.framework in Frameworks */,
				5DACEF3B1AF5089800E0D3FA /* FBSDKCoreKit.framework in Frameworks */,
				5DACEF3D1AF5089800E0D3FA /* FBSDKShareKit.framework in Frameworks */,
				5D3AC9391AF52B7200A5C486 /* Bolts.framework in Frameworks */,
				5D3AC93A1AF52B7200A5C486 /* Parse.framework in Frameworks */,
			);
			runOnlyForDeploymentPostprocessing = 0;
		};
		5DACEF1F1AF5026700E0D3FA /* Frameworks */ = {
			isa = PBXFrameworksBuildPhase;
			buildActionMask = 2147483647;
			files = (
			);
			runOnlyForDeploymentPostprocessing = 0;
		};
/* End PBXFrameworksBuildPhase section */

/* Begin PBXGroup section */
		5D3AC9571AF52ECE00A5C486 /* Framework */ = {
			isa = PBXGroup;
			children = (
				5D3AC9551AF52E6600A5C486 /* libsqlite3.dylib */,
				5D3AC9531AF52E5C00A5C486 /* libz.dylib */,
				5D3AC9511AF52E4100A5C486 /* StoreKit.framework */,
				5D3AC94F1AF52E3600A5C486 /* Social.framework */,
				5D3AC94D1AF52E2A00A5C486 /* Security.framework */,
				5D3AC94B1AF52E0900A5C486 /* CFNetwork.framework */,
				5D3AC9491AF52E0000A5C486 /* AudioToolbox.framework */,
				5D3AC9471AF52D8B00A5C486 /* CoreGraphics.framework */,
				5D3AC9451AF52D8300A5C486 /* CoreLocation.framework */,
				5D3AC9431AF52D2400A5C486 /* MobileCoreServices.framework */,
				5D3AC9411AF52D1C00A5C486 /* SystemConfiguration.framework */,
				5D3AC93F1AF52D1300A5C486 /* Accounts.framework */,
			);
			name = Framework;
			sourceTree = "<group>";
		};
		5DACEF001AF5026700E0D3FA = {
			isa = PBXGroup;
			children = (
				5D3AC9571AF52ECE00A5C486 /* Framework */,
				5DACEF0B1AF5026700E0D3FA /* Services */,
				5DACEF251AF5026700E0D3FA /* ServicesTests */,
				5DACEF0A1AF5026700E0D3FA /* Products */,
				5DACEF381AF5089800E0D3FA /* FBSDKCoreKit.framework */,
				5DACEF391AF5089800E0D3FA /* FBSDKLoginKit.framework */,
				5DACEF3A1AF5089800E0D3FA /* FBSDKShareKit.framework */,
				5D3AC9331AF52B7200A5C486 /* Bolts.framework */,
				5D3AC9341AF52B7200A5C486 /* Parse.framework */,
				5D3AC9351AF52B7200A5C486 /* ParseCrashReporting.framework */,
				5D3AC9371AF52B7200A5C486 /* ParseFacebookUtilsV4.framework */,
				5D3AC9381AF52B7200A5C486 /* ParseUI.framework */,
			);
			sourceTree = "<group>";
		};
		5DACEF0A1AF5026700E0D3FA /* Products */ = {
			isa = PBXGroup;
			children = (
				5DACEF091AF5026700E0D3FA /* Services.app */,
				5DACEF221AF5026700E0D3FA /* ServicesTests.xctest */,
			);
			name = Products;
			sourceTree = "<group>";
		};
		5DACEF0B1AF5026700E0D3FA /* Services */ = {
			isa = PBXGroup;
			children = (
				5DACEF161AF5026700E0D3FA /* Main.storyboard */,
				5DACEF101AF5026700E0D3FA /* AppDelegate.h */,
				5DACEF111AF5026700E0D3FA /* AppDelegate.m */,
				5DACEF131AF5026700E0D3FA /* ViewController.h */,
				5DACEF141AF5026700E0D3FA /* ViewController.m */,
				5DACEF411AF5123900E0D3FA /* ServicesViewController.h */,
				5DACEF421AF5123900E0D3FA /* ServicesViewController.m */,
				5DAB0F201AF5475600183976 /* ServiceCell.h */,
				5DAB0F211AF5475600183976 /* ServiceCell.m */,
				5DACEF441AF5169F00E0D3FA /* DetailViewController.h */,
				5DACEF451AF5169F00E0D3FA /* DetailViewController.m */,
				5D3AC9111AF5241400A5C486 /* SettingsViewController.h */,
				5D3AC9121AF5241400A5C486 /* SettingsViewController.m */,
				5DFD5C471AF5668300BEB7AC /* PostingViewController.h */,
				5DFD5C481AF5668300BEB7AC /* PostingViewController.m */,
				5DACEF191AF5026700E0D3FA /* Images.xcassets */,
				5DACEF1B1AF5026700E0D3FA /* LaunchScreen.xib */,
				5DACEF0C1AF5026700E0D3FA /* Supporting Files */,
			);
			path = Services;
			sourceTree = "<group>";
		};
		5DACEF0C1AF5026700E0D3FA /* Supporting Files */ = {
			isa = PBXGroup;
			children = (
				5DACEF0D1AF5026700E0D3FA /* Info.plist */,
				5DACEF0E1AF5026700E0D3FA /* main.m */,
			);
			name = "Supporting Files";
			sourceTree = "<group>";
		};
		5DACEF251AF5026700E0D3FA /* ServicesTests */ = {
			isa = PBXGroup;
			children = (
				5DACEF281AF5026700E0D3FA /* ServicesTests.m */,
				5DACEF261AF5026700E0D3FA /* Supporting Files */,
			);
			path = ServicesTests;
			sourceTree = "<group>";
		};
		5DACEF261AF5026700E0D3FA /* Supporting Files */ = {
			isa = PBXGroup;
			children = (
				5DACEF271AF5026700E0D3FA /* Info.plist */,
			);
			name = "Supporting Files";
			sourceTree = "<group>";
		};
/* End PBXGroup section */

/* Begin PBXNativeTarget section */
		5DACEF081AF5026700E0D3FA /* Services */ = {
			isa = PBXNativeTarget;
			buildConfigurationList = 5DACEF2C1AF5026700E0D3FA /* Build configuration list for PBXNativeTarget "Services" */;
			buildPhases = (
				5DACEF051AF5026700E0D3FA /* Sources */,
				5DACEF061AF5026700E0D3FA /* Frameworks */,
				5DACEF071AF5026700E0D3FA /* Resources */,
			);
			buildRules = (
			);
			dependencies = (
			);
			name = Services;
			productName = Services;
			productReference = 5DACEF091AF5026700E0D3FA /* Services.app */;
			productType = "com.apple.product-type.application";
		};
		5DACEF211AF5026700E0D3FA /* ServicesTests */ = {
			isa = PBXNativeTarget;
			buildConfigurationList = 5DACEF2F1AF5026700E0D3FA /* Build configuration list for PBXNativeTarget "ServicesTests" */;
			buildPhases = (
				5DACEF1E1AF5026700E0D3FA /* Sources */,
				5DACEF1F1AF5026700E0D3FA /* Frameworks */,
				5DACEF201AF5026700E0D3FA /* Resources */,
			);
			buildRules = (
			);
			dependencies = (
				5DACEF241AF5026700E0D3FA /* PBXTargetDependency */,
			);
			name = ServicesTests;
			productName = ServicesTests;
			productReference = 5DACEF221AF5026700E0D3FA /* ServicesTests.xctest */;
			productType = "com.apple.product-type.bundle.unit-test";
		};
/* End PBXNativeTarget section */

/* Begin PBXProject section */
		5DACEF011AF5026700E0D3FA /* Project object */ = {
			isa = PBXProject;
			attributes = {
				LastUpgradeCheck = 0630;
				ORGANIZATIONNAME = HudsonApps;
				TargetAttributes = {
					5DACEF081AF5026700E0D3FA = {
						CreatedOnToolsVersion = 6.3;
					};
					5DACEF211AF5026700E0D3FA = {
						CreatedOnToolsVersion = 6.3;
						TestTargetID = 5DACEF081AF5026700E0D3FA;
					};
				};
			};
			buildConfigurationList = 5DACEF041AF5026700E0D3FA /* Build configuration list for PBXProject "Services" */;
			compatibilityVersion = "Xcode 3.2";
			developmentRegion = English;
			hasScannedForEncodings = 0;
			knownRegions = (
				en,
				Base,
			);
			mainGroup = 5DACEF001AF5026700E0D3FA;
			productRefGroup = 5DACEF0A1AF5026700E0D3FA /* Products */;
			projectDirPath = "";
			projectRoot = "";
			targets = (
				5DACEF081AF5026700E0D3FA /* Services */,
				5DACEF211AF5026700E0D3FA /* ServicesTests */,
			);
		};
/* End PBXProject section */

/* Begin PBXResourcesBuildPhase section */
		5DACEF071AF5026700E0D3FA /* Resources */ = {
			isa = PBXResourcesBuildPhase;
			buildActionMask = 2147483647;
			files = (
				5DACEF181AF5026700E0D3FA /* Main.storyboard in Resources */,
				5DACEF1D1AF5026700E0D3FA /* LaunchScreen.xib in Resources */,
				5DACEF1A1AF5026700E0D3FA /* Images.xcassets in Resources */,
			);
			runOnlyForDeploymentPostprocessing = 0;
		};
		5DACEF201AF5026700E0D3FA /* Resources */ = {
			isa = PBXResourcesBuildPhase;
			buildActionMask = 2147483647;
			files = (
			);
			runOnlyForDeploymentPostprocessing = 0;
		};
/* End PBXResourcesBuildPhase section */

/* Begin PBXSourcesBuildPhase section */
		5DACEF051AF5026700E0D3FA /* Sources */ = {
			isa = PBXSourcesBuildPhase;
			buildActionMask = 2147483647;
			files = (
				5DAB0F221AF5475600183976 /* ServiceCell.m in Sources */,
				5DACEF461AF5169F00E0D3FA /* DetailViewController.m in Sources */,
				5DACEF151AF5026700E0D3FA /* ViewController.m in Sources */,
				5DACEF121AF5026700E0D3FA /* AppDelegate.m in Sources */,
				5D3AC9131AF5241400A5C486 /* SettingsViewController.m in Sources */,
				5DFD5C491AF5668300BEB7AC /* PostingViewController.m in Sources */,
				5DACEF431AF5123900E0D3FA /* ServicesViewController.m in Sources */,
				5DACEF0F1AF5026700E0D3FA /* main.m in Sources */,
			);
			runOnlyForDeploymentPostprocessing = 0;
		};
		5DACEF1E1AF5026700E0D3FA /* Sources */ = {
			isa = PBXSourcesBuildPhase;
			buildActionMask = 2147483647;
			files = (
				5DACEF291AF5026700E0D3FA /* ServicesTests.m in Sources */,
			);
			runOnlyForDeploymentPostprocessing = 0;
		};
/* End PBXSourcesBuildPhase section */

/* Begin PBXTargetDependency section */
		5DACEF241AF5026700E0D3FA /* PBXTargetDependency */ = {
			isa = PBXTargetDependency;
			target = 5DACEF081AF5026700E0D3FA /* Services */;
			targetProxy = 5DACEF231AF5026700E0D3FA /* PBXContainerItemProxy */;
		};
/* End PBXTargetDependency section */

/* Begin PBXVariantGroup section */
		5DACEF161AF5026700E0D3FA /* Main.storyboard */ = {
			isa = PBXVariantGroup;
			children = (
				5DACEF171AF5026700E0D3FA /* Base */,
			);
			name = Main.storyboard;
			sourceTree = "<group>";
		};
		5DACEF1B1AF5026700E0D3FA /* LaunchScreen.xib */ = {
			isa = PBXVariantGroup;
			children = (
				5DACEF1C1AF5026700E0D3FA /* Base */,
			);
			name = LaunchScreen.xib;
			sourceTree = "<group>";
		};
/* End PBXVariantGroup section */

/* Begin XCBuildConfiguration section */
		5DACEF2A1AF5026700E0D3FA /* Debug */ = {
			isa = XCBuildConfiguration;
			buildSettings = {
				ALWAYS_SEARCH_USER_PATHS = NO;
				CLANG_CXX_LANGUAGE_STANDARD = "gnu++0x";
				CLANG_CXX_LIBRARY = "libc++";
				CLANG_ENABLE_MODULES = YES;
				CLANG_ENABLE_OBJC_ARC = YES;
				CLANG_WARN_BOOL_CONVERSION = YES;
				CLANG_WARN_CONSTANT_CONVERSION = YES;
				CLANG_WARN_DIRECT_OBJC_ISA_USAGE = YES_ERROR;
				CLANG_WARN_EMPTY_BODY = YES;
				CLANG_WARN_ENUM_CONVERSION = YES;
				CLANG_WARN_INT_CONVERSION = YES;
				CLANG_WARN_OBJC_ROOT_CLASS = YES_ERROR;
				CLANG_WARN_UNREACHABLE_CODE = YES;
				CLANG_WARN__DUPLICATE_METHOD_MATCH = YES;
				"CODE_SIGN_IDENTITY[sdk=iphoneos*]" = "iPhone Developer";
				COPY_PHASE_STRIP = NO;
				DEBUG_INFORMATION_FORMAT = "dwarf-with-dsym";
				ENABLE_STRICT_OBJC_MSGSEND = YES;
				GCC_C_LANGUAGE_STANDARD = gnu99;
				GCC_DYNAMIC_NO_PIC = NO;
				GCC_NO_COMMON_BLOCKS = YES;
				GCC_OPTIMIZATION_LEVEL = 0;
				GCC_PREPROCESSOR_DEFINITIONS = (
					"DEBUG=1",
					"$(inherited)",
				);
				GCC_SYMBOLS_PRIVATE_EXTERN = NO;
				GCC_WARN_64_TO_32_BIT_CONVERSION = YES;
				GCC_WARN_ABOUT_RETURN_TYPE = YES_ERROR;
				GCC_WARN_UNDECLARED_SELECTOR = YES;
				GCC_WARN_UNINITIALIZED_AUTOS = YES_AGGRESSIVE;
				GCC_WARN_UNUSED_FUNCTION = YES;
				GCC_WARN_UNUSED_VARIABLE = YES;
				IPHONEOS_DEPLOYMENT_TARGET = 8.3;
				MTL_ENABLE_DEBUG_INFO = YES;
				ONLY_ACTIVE_ARCH = YES;
				SDKROOT = iphoneos;
			};
			name = Debug;
		};
		5DACEF2B1AF5026700E0D3FA /* Release */ = {
			isa = XCBuildConfiguration;
			buildSettings = {
				ALWAYS_SEARCH_USER_PATHS = NO;
				CLANG_CXX_LANGUAGE_STANDARD = "gnu++0x";
				CLANG_CXX_LIBRARY = "libc++";
				CLANG_ENABLE_MODULES = YES;
				CLANG_ENABLE_OBJC_ARC = YES;
				CLANG_WARN_BOOL_CONVERSION = YES;
				CLANG_WARN_CONSTANT_CONVERSION = YES;
				CLANG_WARN_DIRECT_OBJC_ISA_USAGE = YES_ERROR;
				CLANG_WARN_EMPTY_BODY = YES;
				CLANG_WARN_ENUM_CONVERSION = YES;
				CLANG_WARN_INT_CONVERSION = YES;
				CLANG_WARN_OBJC_ROOT_CLASS = YES_ERROR;
				CLANG_WARN_UNREACHABLE_CODE = YES;
				CLANG_WARN__DUPLICATE_METHOD_MATCH = YES;
				"CODE_SIGN_IDENTITY[sdk=iphoneos*]" = "iPhone Developer";
				COPY_PHASE_STRIP = NO;
				DEBUG_INFORMATION_FORMAT = "dwarf-with-dsym";
				ENABLE_NS_ASSERTIONS = NO;
				ENABLE_STRICT_OBJC_MSGSEND = YES;
				GCC_C_LANGUAGE_STANDARD = gnu99;
				GCC_NO_COMMON_BLOCKS = YES;
				GCC_WARN_64_TO_32_BIT_CONVERSION = YES;
				GCC_WARN_ABOUT_RETURN_TYPE = YES_ERROR;
				GCC_WARN_UNDECLARED_SELECTOR = YES;
				GCC_WARN_UNINITIALIZED_AUTOS = YES_AGGRESSIVE;
				GCC_WARN_UNUSED_FUNCTION = YES;
				GCC_WARN_UNUSED_VARIABLE = YES;
				IPHONEOS_DEPLOYMENT_TARGET = 8.3;
				MTL_ENABLE_DEBUG_INFO = NO;
				SDKROOT = iphoneos;
				VALIDATE_PRODUCT = YES;
			};
			name = Release;
		};
		5DACEF2D1AF5026700E0D3FA /* Debug */ = {
			isa = XCBuildConfiguration;
			buildSettings = {
				ASSETCATALOG_COMPILER_APPICON_NAME = AppIcon;
				FRAMEWORK_SEARCH_PATHS = (
					"$(inherited)",
					"$(PROJECT_DIR)",
				);
				INFOPLIST_FILE = Services/Info.plist;
				LD_RUNPATH_SEARCH_PATHS = "$(inherited) @executable_path/Frameworks";
				PRODUCT_NAME = "$(TARGET_NAME)";
			};
			name = Debug;
		};
		5DACEF2E1AF5026700E0D3FA /* Release */ = {
			isa = XCBuildConfiguration;
			buildSettings = {
				ASSETCATALOG_COMPILER_APPICON_NAME = AppIcon;
				FRAMEWORK_SEARCH_PATHS = (
					"$(inherited)",
					"$(PROJECT_DIR)",
				);
				INFOPLIST_FILE = Services/Info.plist;
				LD_RUNPATH_SEARCH_PATHS = "$(inherited) @executable_path/Frameworks";
				PRODUCT_NAME = "$(TARGET_NAME)";
			};
			name = Release;
		};
		5DACEF301AF5026700E0D3FA /* Debug */ = {
			isa = XCBuildConfiguration;
			buildSettings = {
				BUNDLE_LOADER = "$(TEST_HOST)";
				FRAMEWORK_SEARCH_PATHS = (
					"$(SDKROOT)/Developer/Library/Frameworks",
					"$(inherited)",
				);
				GCC_PREPROCESSOR_DEFINITIONS = (
					"DEBUG=1",
					"$(inherited)",
				);
				INFOPLIST_FILE = ServicesTests/Info.plist;
				LD_RUNPATH_SEARCH_PATHS = "$(inherited) @executable_path/Frameworks @loader_path/Frameworks";
				PRODUCT_NAME = "$(TARGET_NAME)";
				TEST_HOST = "$(BUILT_PRODUCTS_DIR)/Services.app/Services";
			};
			name = Debug;
		};
		5DACEF311AF5026700E0D3FA /* Release */ = {
			isa = XCBuildConfiguration;
			buildSettings = {
				BUNDLE_LOADER = "$(TEST_HOST)";
				FRAMEWORK_SEARCH_PATHS = (
					"$(SDKROOT)/Developer/Library/Frameworks",
					"$(inherited)",
				);
				INFOPLIST_FILE = ServicesTests/Info.plist;
				LD_RUNPATH_SEARCH_PATHS = "$(inherited) @executable_path/Frameworks @loader_path/Frameworks";
				PRODUCT_NAME = "$(TARGET_NAME)";
				TEST_HOST = "$(BUILT_PRODUCTS_DIR)/Services.app/Services";
			};
			name = Release;
		};
/* End XCBuildConfiguration section */

/* Begin XCConfigurationList section */
		5DACEF041AF5026700E0D3FA /* Build configuration list for PBXProject "Services" */ = {
			isa = XCConfigurationList;
			buildConfigurations = (
				5DACEF2A1AF5026700E0D3FA /* Debug */,
				5DACEF2B1AF5026700E0D3FA /* Release */,
			);
			defaultConfigurationIsVisible = 0;
			defaultConfigurationName = Release;
		};
		5DACEF2C1AF5026700E0D3FA /* Build configuration list for PBXNativeTarget "Services" */ = {
			isa = XCConfigurationList;
			buildConfigurations = (
				5DACEF2D1AF5026700E0D3FA /* Debug */,
				5DACEF2E1AF5026700E0D3FA /* Release */,
			);
			defaultConfigurationIsVisible = 0;
			defaultConfigurationName = Release;
		};
		5DACEF2F1AF5026700E0D3FA /* Build configuration list for PBXNativeTarget "ServicesTests" */ = {
			isa = XCConfigurationList;
			buildConfigurations = (
				5DACEF301AF5026700E0D3FA /* Debug */,
				5DACEF311AF5026700E0D3FA /* Release */,
			);
			defaultConfigurationIsVisible = 0;
			defaultConfigurationName = Release;
		};
/* End XCConfigurationList section */
	};
	rootObject = 5DACEF011AF5026700E0D3FA /* Project object */;
}
